// !$*UTF8*$!
{
	archiveVersion = 1;
	classes = {
	};
	objectVersion = 50;
	objects = {

/* Begin PBXBuildFile section */
		9F9E070A2677904300E7BA45 /* AppDelegate.swift in Sources */ = {isa = PBXBuildFile; fileRef = 9F9E07092677904300E7BA45 /* AppDelegate.swift */; };
		9F9E070C2677904300E7BA45 /* SceneDelegate.swift in Sources */ = {isa = PBXBuildFile; fileRef = 9F9E070B2677904300E7BA45 /* SceneDelegate.swift */; };
		9F9E070E2677904300E7BA45 /* AstronomyInformationViewController.swift in Sources */ = {isa = PBXBuildFile; fileRef = 9F9E070D2677904300E7BA45 /* AstronomyInformationViewController.swift */; };
		9F9E07112677904300E7BA45 /* Main.storyboard in Resources */ = {isa = PBXBuildFile; fileRef = 9F9E070F2677904300E7BA45 /* Main.storyboard */; };
		9F9E07132677904400E7BA45 /* Assets.xcassets in Resources */ = {isa = PBXBuildFile; fileRef = 9F9E07122677904400E7BA45 /* Assets.xcassets */; };
		9F9E07162677904400E7BA45 /* LaunchScreen.storyboard in Resources */ = {isa = PBXBuildFile; fileRef = 9F9E07142677904400E7BA45 /* LaunchScreen.storyboard */; };
		9FA035D22677DEB20075A490 /* String+Extension.swift in Sources */ = {isa = PBXBuildFile; fileRef = 9FA035D12677DEB20075A490 /* String+Extension.swift */; };
		9FA035D62677DEDE0075A490 /* UIImage+Extension.swift in Sources */ = {isa = PBXBuildFile; fileRef = 9FA035D52677DEDE0075A490 /* UIImage+Extension.swift */; };
		9FA035D92677E13B0075A490 /* Coordinator.swift in Sources */ = {isa = PBXBuildFile; fileRef = 9FA035D82677E13B0075A490 /* Coordinator.swift */; };
		9FA035DD2677E2450075A490 /* Storyboarded.swift in Sources */ = {isa = PBXBuildFile; fileRef = 9FA035DC2677E2450075A490 /* Storyboarded.swift */; };
		9FC250AD267797A4002AF70C /* AstronomyInformationViewModel.swift in Sources */ = {isa = PBXBuildFile; fileRef = 9FC250AC267797A4002AF70C /* AstronomyInformationViewModel.swift */; };
		9FC250B126779A12002AF70C /* FetchAstronomyInformationRequest.swift in Sources */ = {isa = PBXBuildFile; fileRef = 9FC250B026779A12002AF70C /* FetchAstronomyInformationRequest.swift */; };
		9FC250B926779FCE002AF70C /* AstronomyInformationResponse.swift in Sources */ = {isa = PBXBuildFile; fileRef = 9FC250B826779FCE002AF70C /* AstronomyInformationResponse.swift */; };
		9FE630DF2677B7770009A8B0 /* GETRequestable.swift in Sources */ = {isa = PBXBuildFile; fileRef = 9FE630DE2677B7770009A8B0 /* GETRequestable.swift */; };
/* End PBXBuildFile section */

/* Begin PBXFileReference section */
		9F9E07062677904300E7BA45 /* NASA_APOD.app */ = {isa = PBXFileReference; explicitFileType = wrapper.application; includeInIndex = 0; path = NASA_APOD.app; sourceTree = BUILT_PRODUCTS_DIR; };
		9F9E07092677904300E7BA45 /* AppDelegate.swift */ = {isa = PBXFileReference; lastKnownFileType = sourcecode.swift; path = AppDelegate.swift; sourceTree = "<group>"; };
		9F9E070B2677904300E7BA45 /* SceneDelegate.swift */ = {isa = PBXFileReference; lastKnownFileType = sourcecode.swift; path = SceneDelegate.swift; sourceTree = "<group>"; };
		9F9E070D2677904300E7BA45 /* AstronomyInformationViewController.swift */ = {isa = PBXFileReference; lastKnownFileType = sourcecode.swift; path = AstronomyInformationViewController.swift; sourceTree = "<group>"; };
		9F9E07102677904300E7BA45 /* Base */ = {isa = PBXFileReference; lastKnownFileType = file.storyboard; name = Base; path = Base.lproj/Main.storyboard; sourceTree = "<group>"; };
		9F9E07122677904400E7BA45 /* Assets.xcassets */ = {isa = PBXFileReference; lastKnownFileType = folder.assetcatalog; path = Assets.xcassets; sourceTree = "<group>"; };
		9F9E07152677904400E7BA45 /* Base */ = {isa = PBXFileReference; lastKnownFileType = file.storyboard; name = Base; path = Base.lproj/LaunchScreen.storyboard; sourceTree = "<group>"; };
		9F9E07172677904400E7BA45 /* Info.plist */ = {isa = PBXFileReference; lastKnownFileType = text.plist.xml; path = Info.plist; sourceTree = "<group>"; };
		9FA035D12677DEB20075A490 /* String+Extension.swift */ = {isa = PBXFileReference; lastKnownFileType = sourcecode.swift; path = "String+Extension.swift"; sourceTree = "<group>"; };
		9FA035D52677DEDE0075A490 /* UIImage+Extension.swift */ = {isa = PBXFileReference; lastKnownFileType = sourcecode.swift; path = "UIImage+Extension.swift"; sourceTree = "<group>"; };
		9FA035D82677E13B0075A490 /* Coordinator.swift */ = {isa = PBXFileReference; lastKnownFileType = sourcecode.swift; path = Coordinator.swift; sourceTree = "<group>"; };
		9FA035DC2677E2450075A490 /* Storyboarded.swift */ = {isa = PBXFileReference; lastKnownFileType = sourcecode.swift; path = Storyboarded.swift; sourceTree = "<group>"; };
		9FC250AC267797A4002AF70C /* AstronomyInformationViewModel.swift */ = {isa = PBXFileReference; lastKnownFileType = sourcecode.swift; path = AstronomyInformationViewModel.swift; sourceTree = "<group>"; };
		9FC250B026779A12002AF70C /* FetchAstronomyInformationRequest.swift */ = {isa = PBXFileReference; lastKnownFileType = sourcecode.swift; path = FetchAstronomyInformationRequest.swift; sourceTree = "<group>"; };
		9FC250B826779FCE002AF70C /* AstronomyInformationResponse.swift */ = {isa = PBXFileReference; lastKnownFileType = sourcecode.swift; path = AstronomyInformationResponse.swift; sourceTree = "<group>"; };
		9FE630DE2677B7770009A8B0 /* GETRequestable.swift */ = {isa = PBXFileReference; lastKnownFileType = sourcecode.swift; path = GETRequestable.swift; sourceTree = "<group>"; };
/* End PBXFileReference section */

/* Begin PBXFrameworksBuildPhase section */
		9F9E07032677904300E7BA45 /* Frameworks */ = {
			isa = PBXFrameworksBuildPhase;
			buildActionMask = 2147483647;
			files = (
			);
			runOnlyForDeploymentPostprocessing = 0;
		};
/* End PBXFrameworksBuildPhase section */

/* Begin PBXGroup section */
		9F7611442677967600516E4D /* ViewControllers */ = {
			isa = PBXGroup;
			children = (
				9FA035DB2677E2360075A490 /* Protocols */,
				9F9E070D2677904300E7BA45 /* AstronomyInformationViewController.swift */,
			);
			path = ViewControllers;
			sourceTree = "<group>";
		};
		9F7611452677967F00516E4D /* Storyboards */ = {
			isa = PBXGroup;
			children = (
				9F9E070F2677904300E7BA45 /* Main.storyboard */,
				9F9E07142677904400E7BA45 /* LaunchScreen.storyboard */,
			);
			path = Storyboards;
			sourceTree = "<group>";
		};
		9F761146267796AA00516E4D /* ViewModels */ = {
			isa = PBXGroup;
			children = (
				9FC250AC267797A4002AF70C /* AstronomyInformationViewModel.swift */,
			);
			path = ViewModels;
			sourceTree = "<group>";
		};
		9F9E06FD2677904300E7BA45 = {
			isa = PBXGroup;
			children = (
				9F9E07082677904300E7BA45 /* NASA_APOD */,
				9F9E07072677904300E7BA45 /* Products */,
			);
			sourceTree = "<group>";
		};
		9F9E07072677904300E7BA45 /* Products */ = {
			isa = PBXGroup;
			children = (
				9F9E07062677904300E7BA45 /* NASA_APOD.app */,
			);
			name = Products;
			sourceTree = "<group>";
		};
		9F9E07082677904300E7BA45 /* NASA_APOD */ = {
			isa = PBXGroup;
			children = (
				9FA035E12677E8720075A490 /* Coordinators */,
				9FA035D02677DE950075A490 /* Extensions */,
				9FC250B626779E60002AF70C /* Models */,
				9FC250AF267799ED002AF70C /* Services */,
				9F761146267796AA00516E4D /* ViewModels */,
				9F7611452677967F00516E4D /* Storyboards */,
				9F7611442677967600516E4D /* ViewControllers */,
				9F9E07092677904300E7BA45 /* AppDelegate.swift */,
				9F9E070B2677904300E7BA45 /* SceneDelegate.swift */,
				9F9E07122677904400E7BA45 /* Assets.xcassets */,
				9F9E07172677904400E7BA45 /* Info.plist */,
			);
			path = NASA_APOD;
			sourceTree = "<group>";
		};
		9FA035D02677DE950075A490 /* Extensions */ = {
			isa = PBXGroup;
			children = (
				9FA035D12677DEB20075A490 /* String+Extension.swift */,
				9FA035D52677DEDE0075A490 /* UIImage+Extension.swift */,
			);
			path = Extensions;
			sourceTree = "<group>";
		};
		9FA035DB2677E2360075A490 /* Protocols */ = {
			isa = PBXGroup;
			children = (
				9FA035DC2677E2450075A490 /* Storyboarded.swift */,
			);
			path = Protocols;
			sourceTree = "<group>";
		};
		9FA035E12677E8720075A490 /* Coordinators */ = {
			isa = PBXGroup;
			children = (
				9FA035D82677E13B0075A490 /* Coordinator.swift */,
			);
			path = Coordinators;
			sourceTree = "<group>";
		};
		9FC250AF267799ED002AF70C /* Services */ = {
			isa = PBXGroup;
			children = (
				9FE630DD2677B7270009A8B0 /* Protocols */,
				9FC250B026779A12002AF70C /* FetchAstronomyInformationRequest.swift */,
			);
			path = Services;
			sourceTree = "<group>";
		};
		9FC250B626779E60002AF70C /* Models */ = {
			isa = PBXGroup;
			children = (
				9FC250B826779FCE002AF70C /* AstronomyInformationResponse.swift */,
			);
			path = Models;
			sourceTree = "<group>";
		};
		9FE630DD2677B7270009A8B0 /* Protocols */ = {
			isa = PBXGroup;
			children = (
				9FE630DE2677B7770009A8B0 /* GETRequestable.swift */,
			);
			path = Protocols;
			sourceTree = "<group>";
		};
/* End PBXGroup section */

/* Begin PBXNativeTarget section */
		9F9E07052677904300E7BA45 /* NASA_APOD */ = {
			isa = PBXNativeTarget;
			buildConfigurationList = 9F9E071A2677904400E7BA45 /* Build configuration list for PBXNativeTarget "NASA_APOD" */;
			buildPhases = (
				9F9E07022677904300E7BA45 /* Sources */,
				9F9E07032677904300E7BA45 /* Frameworks */,
				9F9E07042677904300E7BA45 /* Resources */,
			);
			buildRules = (
			);
			dependencies = (
			);
			name = NASA_APOD;
			productName = NASA_APOD;
			productReference = 9F9E07062677904300E7BA45 /* NASA_APOD.app */;
			productType = "com.apple.product-type.application";
		};
/* End PBXNativeTarget section */

/* Begin PBXProject section */
		9F9E06FE2677904300E7BA45 /* Project object */ = {
			isa = PBXProject;
			attributes = {
				LastSwiftUpdateCheck = 1230;
				LastUpgradeCheck = 1230;
				TargetAttributes = {
					9F9E07052677904300E7BA45 = {
						CreatedOnToolsVersion = 12.3;
					};
				};
			};
			buildConfigurationList = 9F9E07012677904300E7BA45 /* Build configuration list for PBXProject "NASA_APOD" */;
			compatibilityVersion = "Xcode 9.3";
			developmentRegion = en;
			hasScannedForEncodings = 0;
			knownRegions = (
				en,
				Base,
			);
			mainGroup = 9F9E06FD2677904300E7BA45;
			productRefGroup = 9F9E07072677904300E7BA45 /* Products */;
			projectDirPath = "";
			projectRoot = "";
			targets = (
				9F9E07052677904300E7BA45 /* NASA_APOD */,
			);
		};
/* End PBXProject section */

/* Begin PBXResourcesBuildPhase section */
		9F9E07042677904300E7BA45 /* Resources */ = {
			isa = PBXResourcesBuildPhase;
			buildActionMask = 2147483647;
			files = (
				9F9E07162677904400E7BA45 /* LaunchScreen.storyboard in Resources */,
				9F9E07132677904400E7BA45 /* Assets.xcassets in Resources */,
				9F9E07112677904300E7BA45 /* Main.storyboard in Resources */,
			);
			runOnlyForDeploymentPostprocessing = 0;
		};
/* End PBXResourcesBuildPhase section */

/* Begin PBXSourcesBuildPhase section */
		9F9E07022677904300E7BA45 /* Sources */ = {
			isa = PBXSourcesBuildPhase;
			buildActionMask = 2147483647;
			files = (
				9FA035D22677DEB20075A490 /* String+Extension.swift in Sources */,
				9F9E070E2677904300E7BA45 /* AstronomyInformationViewController.swift in Sources */,
				9FA035D92677E13B0075A490 /* Coordinator.swift in Sources */,
				9FC250B126779A12002AF70C /* FetchAstronomyInformationRequest.swift in Sources */,
				9FA035D62677DEDE0075A490 /* UIImage+Extension.swift in Sources */,
				9F9E070A2677904300E7BA45 /* AppDelegate.swift in Sources */,
				9FE630DF2677B7770009A8B0 /* GETRequestable.swift in Sources */,
				9FA035DD2677E2450075A490 /* Storyboarded.swift in Sources */,
				9FC250AD267797A4002AF70C /* AstronomyInformationViewModel.swift in Sources */,
				9FC250B926779FCE002AF70C /* AstronomyInformationResponse.swift in Sources */,
				9F9E070C2677904300E7BA45 /* SceneDelegate.swift in Sources */,
			);
			runOnlyForDeploymentPostprocessing = 0;
		};
/* End PBXSourcesBuildPhase section */

/* Begin PBXVariantGroup section */
		9F9E070F2677904300E7BA45 /* Main.storyboard */ = {
			isa = PBXVariantGroup;
			children = (
				9F9E07102677904300E7BA45 /* Base */,
			);
			name = Main.storyboard;
			sourceTree = "<group>";
		};
		9F9E07142677904400E7BA45 /* LaunchScreen.storyboard */ = {
			isa = PBXVariantGroup;
			children = (
				9F9E07152677904400E7BA45 /* Base */,
			);
			name = LaunchScreen.storyboard;
			sourceTree = "<group>";
		};
/* End PBXVariantGroup section */

/* Begin XCBuildConfiguration section */
		9F9E07182677904400E7BA45 /* Debug */ = {
			isa = XCBuildConfiguration;
			buildSettings = {
				ALWAYS_SEARCH_USER_PATHS = NO;
				CLANG_ANALYZER_NONNULL = YES;
				CLANG_ANALYZER_NUMBER_OBJECT_CONVERSION = YES_AGGRESSIVE;
				CLANG_CXX_LANGUAGE_STANDARD = "gnu++14";
				CLANG_CXX_LIBRARY = "libc++";
				CLANG_ENABLE_MODULES = YES;
				CLANG_ENABLE_OBJC_ARC = YES;
				CLANG_ENABLE_OBJC_WEAK = YES;
				CLANG_WARN_BLOCK_CAPTURE_AUTORELEASING = YES;
				CLANG_WARN_BOOL_CONVERSION = YES;
				CLANG_WARN_COMMA = YES;
				CLANG_WARN_CONSTANT_CONVERSION = YES;
				CLANG_WARN_DEPRECATED_OBJC_IMPLEMENTATIONS = YES;
				CLANG_WARN_DIRECT_OBJC_ISA_USAGE = YES_ERROR;
				CLANG_WARN_DOCUMENTATION_COMMENTS = YES;
				CLANG_WARN_EMPTY_BODY = YES;
				CLANG_WARN_ENUM_CONVERSION = YES;
				CLANG_WARN_INFINITE_RECURSION = YES;
				CLANG_WARN_INT_CONVERSION = YES;
				CLANG_WARN_NON_LITERAL_NULL_CONVERSION = YES;
				CLANG_WARN_OBJC_IMPLICIT_RETAIN_SELF = YES;
				CLANG_WARN_OBJC_LITERAL_CONVERSION = YES;
				CLANG_WARN_OBJC_ROOT_CLASS = YES_ERROR;
				CLANG_WARN_QUOTED_INCLUDE_IN_FRAMEWORK_HEADER = YES;
				CLANG_WARN_RANGE_LOOP_ANALYSIS = YES;
				CLANG_WARN_STRICT_PROTOTYPES = YES;
				CLANG_WARN_SUSPICIOUS_MOVE = YES;
				CLANG_WARN_UNGUARDED_AVAILABILITY = YES_AGGRESSIVE;
				CLANG_WARN_UNREACHABLE_CODE = YES;
				CLANG_WARN__DUPLICATE_METHOD_MATCH = YES;
				COPY_PHASE_STRIP = NO;
				DEBUG_INFORMATION_FORMAT = dwarf;
				ENABLE_STRICT_OBJC_MSGSEND = YES;
				ENABLE_TESTABILITY = YES;
				GCC_C_LANGUAGE_STANDARD = gnu11;
				GCC_DYNAMIC_NO_PIC = NO;
				GCC_NO_COMMON_BLOCKS = YES;
				GCC_OPTIMIZATION_LEVEL = 0;
				GCC_PREPROCESSOR_DEFINITIONS = (
					"DEBUG=1",
					"$(inherited)",
				);
				GCC_WARN_64_TO_32_BIT_CONVERSION = YES;
				GCC_WARN_ABOUT_RETURN_TYPE = YES_ERROR;
				GCC_WARN_UNDECLARED_SELECTOR = YES;
				GCC_WARN_UNINITIALIZED_AUTOS = YES_AGGRESSIVE;
				GCC_WARN_UNUSED_FUNCTION = YES;
				GCC_WARN_UNUSED_VARIABLE = YES;
				IPHONEOS_DEPLOYMENT_TARGET = 14.3;
				MTL_ENABLE_DEBUG_INFO = INCLUDE_SOURCE;
				MTL_FAST_MATH = YES;
				ONLY_ACTIVE_ARCH = YES;
				SDKROOT = iphoneos;
				SWIFT_ACTIVE_COMPILATION_CONDITIONS = DEBUG;
				SWIFT_OPTIMIZATION_LEVEL = "-Onone";
			};
			name = Debug;
		};
		9F9E07192677904400E7BA45 /* Release */ = {
			isa = XCBuildConfiguration;
			buildSettings = {
				ALWAYS_SEARCH_USER_PATHS = NO;
				CLANG_ANALYZER_NONNULL = YES;
				CLANG_ANALYZER_NUMBER_OBJECT_CONVERSION = YES_AGGRESSIVE;
				CLANG_CXX_LANGUAGE_STANDARD = "gnu++14";
				CLANG_CXX_LIBRARY = "libc++";
				CLANG_ENABLE_MODULES = YES;
				CLANG_ENABLE_OBJC_ARC = YES;
				CLANG_ENABLE_OBJC_WEAK = YES;
				CLANG_WARN_BLOCK_CAPTURE_AUTORELEASING = YES;
				CLANG_WARN_BOOL_CONVERSION = YES;
				CLANG_WARN_COMMA = YES;
				CLANG_WARN_CONSTANT_CONVERSION = YES;
				CLANG_WARN_DEPRECATED_OBJC_IMPLEMENTATIONS = YES;
				CLANG_WARN_DIRECT_OBJC_ISA_USAGE = YES_ERROR;
				CLANG_WARN_DOCUMENTATION_COMMENTS = YES;
				CLANG_WARN_EMPTY_BODY = YES;
				CLANG_WARN_ENUM_CONVERSION = YES;
				CLANG_WARN_INFINITE_RECURSION = YES;
				CLANG_WARN_INT_CONVERSION = YES;
				CLANG_WARN_NON_LITERAL_NULL_CONVERSION = YES;
				CLANG_WARN_OBJC_IMPLICIT_RETAIN_SELF = YES;
				CLANG_WARN_OBJC_LITERAL_CONVERSION = YES;
				CLANG_WARN_OBJC_ROOT_CLASS = YES_ERROR;
				CLANG_WARN_QUOTED_INCLUDE_IN_FRAMEWORK_HEADER = YES;
				CLANG_WARN_RANGE_LOOP_ANALYSIS = YES;
				CLANG_WARN_STRICT_PROTOTYPES = YES;
				CLANG_WARN_SUSPICIOUS_MOVE = YES;
				CLANG_WARN_UNGUARDED_AVAILABILITY = YES_AGGRESSIVE;
				CLANG_WARN_UNREACHABLE_CODE = YES;
				CLANG_WARN__DUPLICATE_METHOD_MATCH = YES;
				COPY_PHASE_STRIP = NO;
				DEBUG_INFORMATION_FORMAT = "dwarf-with-dsym";
				ENABLE_NS_ASSERTIONS = NO;
				ENABLE_STRICT_OBJC_MSGSEND = YES;
				GCC_C_LANGUAGE_STANDARD = gnu11;
				GCC_NO_COMMON_BLOCKS = YES;
				GCC_WARN_64_TO_32_BIT_CONVERSION = YES;
				GCC_WARN_ABOUT_RETURN_TYPE = YES_ERROR;
				GCC_WARN_UNDECLARED_SELECTOR = YES;
				GCC_WARN_UNINITIALIZED_AUTOS = YES_AGGRESSIVE;
				GCC_WARN_UNUSED_FUNCTION = YES;
				GCC_WARN_UNUSED_VARIABLE = YES;
				IPHONEOS_DEPLOYMENT_TARGET = 14.3;
				MTL_ENABLE_DEBUG_INFO = NO;
				MTL_FAST_MATH = YES;
				SDKROOT = iphoneos;
				SWIFT_COMPILATION_MODE = wholemodule;
				SWIFT_OPTIMIZATION_LEVEL = "-O";
				VALIDATE_PRODUCT = YES;
			};
			name = Release;
		};
		9F9E071B2677904400E7BA45 /* Debug */ = {
			isa = XCBuildConfiguration;
			buildSettings = {
				ASSETCATALOG_COMPILER_APPICON_NAME = AppIcon;
				ASSETCATALOG_COMPILER_GLOBAL_ACCENT_COLOR_NAME = AccentColor;
				CODE_SIGN_STYLE = Automatic;
				INFOPLIST_FILE = NASA_APOD/Info.plist;
				IPHONEOS_DEPLOYMENT_TARGET = 14.0;
				LD_RUNPATH_SEARCH_PATHS = (
					"$(inherited)",
					"@executable_path/Frameworks",
				);
				PRODUCT_BUNDLE_IDENTIFIER = "com.example.NASA-APOD";
				PRODUCT_NAME = "$(TARGET_NAME)";
				SWIFT_VERSION = 5.0;
				TARGETED_DEVICE_FAMILY = "1,2";
			};
			name = Debug;
		};
		9F9E071C2677904400E7BA45 /* Release */ = {
			isa = XCBuildConfiguration;
			buildSettings = {
				ASSETCATALOG_COMPILER_APPICON_NAME = AppIcon;
				ASSETCATALOG_COMPILER_GLOBAL_ACCENT_COLOR_NAME = AccentColor;
				CODE_SIGN_STYLE = Automatic;
				INFOPLIST_FILE = NASA_APOD/Info.plist;
				IPHONEOS_DEPLOYMENT_TARGET = 14.0;
				LD_RUNPATH_SEARCH_PATHS = (
					"$(inherited)",
					"@executable_path/Frameworks",
				);
				PRODUCT_BUNDLE_IDENTIFIER = "com.example.NASA-APOD";
				PRODUCT_NAME = "$(TARGET_NAME)";
				SWIFT_VERSION = 5.0;
				TARGETED_DEVICE_FAMILY = "1,2";
			};
			name = Release;
		};
/* End XCBuildConfiguration section */

/* Begin XCConfigurationList section */
		9F9E07012677904300E7BA45 /* Build configuration list for PBXProject "NASA_APOD" */ = {
			isa = XCConfigurationList;
			buildConfigurations = (
				9F9E07182677904400E7BA45 /* Debug */,
				9F9E07192677904400E7BA45 /* Release */,
			);
			defaultConfigurationIsVisible = 0;
			defaultConfigurationName = Release;
		};
		9F9E071A2677904400E7BA45 /* Build configuration list for PBXNativeTarget "NASA_APOD" */ = {
			isa = XCConfigurationList;
			buildConfigurations = (
				9F9E071B2677904400E7BA45 /* Debug */,
				9F9E071C2677904400E7BA45 /* Release */,
			);
			defaultConfigurationIsVisible = 0;
			defaultConfigurationName = Release;
		};
/* End XCConfigurationList section */
	};
	rootObject = 9F9E06FE2677904300E7BA45 /* Project object */;
}
